{
  "pins" : [
    {
      "identity" : "punycodeswift",
      "kind" : "remoteSourceControl",
      "location" : "https://github.com/futamura/PunycodeSwift.git",
      "state" : {
        "revision" : "3444734023611722a0be708cec4496798dfebefb",
        "version" : "4.0.1"
      }
    }
  ],
  "version" : 2
}
