{
  "pins" : [
    {
      "identity" : "punycodeswift",
      "kind" : "remoteSourceControl",
      "location" : "https://github.com/futamura/PunycodeSwift.git",
      "state" : {
        "revision" : "a32282d44a320b4468ee8993246cbd6c62508b91",
        "version" : "4.0.0"
      }
    }
  ],
  "version" : 2
}
